
Microsoft Visual Studio Solution File, Format Version 12.00
# Visual Studio Version 16
VisualStudioVersion = 16.0.33423.256
MinimumVisualStudioVersion = 10.0.40219.1
Project("{FAE04EC0-301F-11D3-BF4B-00C04F79EFBC}") = "Chatgptcall", "Chatgptcall.csproj", "{924E4883-E923-495B-8D86-44083F72AD18}"
EndProject
Global
	GlobalSection(SolutionConfigurationPlatforms) = preSolution
		Debug|Any CPU = Debug|Any CPU
		Release|Any CPU = Release|Any CPU
	EndGlobalSection
	GlobalSection(ProjectConfigurationPlatforms) = postSolution
		{924E4883-E923-495B-8D86-44083F72AD18}.Debug|Any CPU.ActiveCfg = Debug|Any CPU
		{924E4883-E923-495B-8D86-44083F72AD18}.Debug|Any CPU.Build.0 = Debug|Any CPU
		{924E4883-E923-495B-8D86-44083F72AD18}.Release|Any CPU.ActiveCfg = Release|Any CPU
		{924E4883-E923-495B-8D86-44083F72AD18}.Release|Any CPU.Build.0 = Release|Any CPU
	EndGlobalSection
	GlobalSection(SolutionProperties) = preSolution
		HideSolutionNode = FALSE
	EndGlobalSection
	GlobalSection(ExtensibilityGlobals) = postSolution
		SolutionGuid = {A7FB1DB9-F7A3-4D28-AAA0-5EF2D0D391F2}
	EndGlobalSection
EndGlobal
